
Microsoft Visual Studio Solution File, Format Version 12.00
# Visual Studio Version 17
VisualStudioVersion = 17.7.34031.279
MinimumVisualStudioVersion = 10.0.40219.1
Project("{9A19103F-16F7-4668-BE54-9A1E7A4F7556}") = "AuditJournal.API", "AuditJournal.API\AuditJournal.API.csproj", "{1F5AE082-B135-471C-AD4D-6C825DC890CF}"
EndProject
Project("{9A19103F-16F7-4668-BE54-9A1E7A4F7556}") = "AuditJournal.Entities", "AuditJournal.Entities\AuditJournal.Entities.csproj", "{5B65188F-10EB-44C5-8D01-D0C5AF1AF5F5}"
EndProject
Project("{9A19103F-16F7-4668-BE54-9A1E7A4F7556}") = "AuditJournal.Logging", "AuditJournal.Logging\AuditJournal.Logging.csproj", "{E9938C30-6D8C-45FD-96BC-C50E4F1960ED}"
EndProject
Project("{9A19103F-16F7-4668-BE54-9A1E7A4F7556}") = "AuditJournal.Application", "AuditJournal.Application\AuditJournal.Application.csproj", "{9B5600DA-B911-4988-ABC0-0F01FC2B6A35}"
EndProject
Project("{9A19103F-16F7-4668-BE54-9A1E7A4F7556}") = "AuditJournal.Infrastructure", "AuditJournal.Infrastructure\AuditJournal.Infrastructure.csproj", "{FDB9E45C-DEA8-44DA-AB26-451287515F37}"
EndProject
Project("{9A19103F-16F7-4668-BE54-9A1E7A4F7556}") = "AuditJournal.Sql", "AuditJournal.Sql\AuditJournal.Sql.csproj", "{40E5CE9F-DF1B-4815-9FB5-63CD722FA2D9}"
EndProject
Project("{FAE04EC0-301F-11D3-BF4B-00C04F79EFBC}") = "AuditJournal.Test", "AuditJournal.Test\AuditJournal.Test.csproj", "{C1702AF7-0D11-49F0-A97E-0D9173C7CDF9}"
EndProject
Global
	GlobalSection(SolutionConfigurationPlatforms) = preSolution
		Debug|Any CPU = Debug|Any CPU
		Release|Any CPU = Release|Any CPU
	EndGlobalSection
	GlobalSection(ProjectConfigurationPlatforms) = postSolution
		{1F5AE082-B135-471C-AD4D-6C825DC890CF}.Debug|Any CPU.ActiveCfg = Debug|Any CPU
		{1F5AE082-B135-471C-AD4D-6C825DC890CF}.Debug|Any CPU.Build.0 = Debug|Any CPU
		{1F5AE082-B135-471C-AD4D-6C825DC890CF}.Release|Any CPU.ActiveCfg = Release|Any CPU
		{1F5AE082-B135-471C-AD4D-6C825DC890CF}.Release|Any CPU.Build.0 = Release|Any CPU
		{5B65188F-10EB-44C5-8D01-D0C5AF1AF5F5}.Debug|Any CPU.ActiveCfg = Debug|Any CPU
		{5B65188F-10EB-44C5-8D01-D0C5AF1AF5F5}.Debug|Any CPU.Build.0 = Debug|Any CPU
		{5B65188F-10EB-44C5-8D01-D0C5AF1AF5F5}.Release|Any CPU.ActiveCfg = Release|Any CPU
		{5B65188F-10EB-44C5-8D01-D0C5AF1AF5F5}.Release|Any CPU.Build.0 = Release|Any CPU
		{E9938C30-6D8C-45FD-96BC-C50E4F1960ED}.Debug|Any CPU.ActiveCfg = Debug|Any CPU
		{E9938C30-6D8C-45FD-96BC-C50E4F1960ED}.Debug|Any CPU.Build.0 = Debug|Any CPU
		{E9938C30-6D8C-45FD-96BC-C50E4F1960ED}.Release|Any CPU.ActiveCfg = Release|Any CPU
		{E9938C30-6D8C-45FD-96BC-C50E4F1960ED}.Release|Any CPU.Build.0 = Release|Any CPU
		{9B5600DA-B911-4988-ABC0-0F01FC2B6A35}.Debug|Any CPU.ActiveCfg = Debug|Any CPU
		{9B5600DA-B911-4988-ABC0-0F01FC2B6A35}.Debug|Any CPU.Build.0 = Debug|Any CPU
		{9B5600DA-B911-4988-ABC0-0F01FC2B6A35}.Release|Any CPU.ActiveCfg = Release|Any CPU
		{9B5600DA-B911-4988-ABC0-0F01FC2B6A35}.Release|Any CPU.Build.0 = Release|Any CPU
		{FDB9E45C-DEA8-44DA-AB26-451287515F37}.Debug|Any CPU.ActiveCfg = Debug|Any CPU
		{FDB9E45C-DEA8-44DA-AB26-451287515F37}.Debug|Any CPU.Build.0 = Debug|Any CPU
		{FDB9E45C-DEA8-44DA-AB26-451287515F37}.Release|Any CPU.ActiveCfg = Release|Any CPU
		{FDB9E45C-DEA8-44DA-AB26-451287515F37}.Release|Any CPU.Build.0 = Release|Any CPU
		{40E5CE9F-DF1B-4815-9FB5-63CD722FA2D9}.Debug|Any CPU.ActiveCfg = Debug|Any CPU
		{40E5CE9F-DF1B-4815-9FB5-63CD722FA2D9}.Debug|Any CPU.Build.0 = Debug|Any CPU
		{40E5CE9F-DF1B-4815-9FB5-63CD722FA2D9}.Release|Any CPU.ActiveCfg = Release|Any CPU
		{40E5CE9F-DF1B-4815-9FB5-63CD722FA2D9}.Release|Any CPU.Build.0 = Release|Any CPU
		{C1702AF7-0D11-49F0-A97E-0D9173C7CDF9}.Debug|Any CPU.ActiveCfg = Debug|Any CPU
		{C1702AF7-0D11-49F0-A97E-0D9173C7CDF9}.Debug|Any CPU.Build.0 = Debug|Any CPU
		{C1702AF7-0D11-49F0-A97E-0D9173C7CDF9}.Release|Any CPU.ActiveCfg = Release|Any CPU
		{C1702AF7-0D11-49F0-A97E-0D9173C7CDF9}.Release|Any CPU.Build.0 = Release|Any CPU
	EndGlobalSection
	GlobalSection(SolutionProperties) = preSolution
		HideSolutionNode = FALSE
	EndGlobalSection
	GlobalSection(ExtensibilityGlobals) = postSolution
		SolutionGuid = {162BC110-4E99-422F-B84B-3E51B8200393}
	EndGlobalSection
EndGlobal
